
Microsoft Visual Studio Solution File, Format Version 12.00
Project("{FAE04EC0-301F-11D3-BF4B-00C04F79EFBC}") = "Engine", "Engine\Engine.csproj", "{0BCEFE08-C88E-474C-B1E7-32F0457884B0}"
EndProject
Project("{2150E333-8FDC-42A3-9474-1A3956D46DE8}") = "Engine", "Engine", "{F09E69BA-3F65-4A4E-98CC-F05560403CC1}"
EndProject
Project("{2150E333-8FDC-42A3-9474-1A3956D46DE8}") = "Platforms", "Platforms", "{574E6364-206B-4DDA-8895-08F9AF815EAE}"
EndProject
Project("{FAE04EC0-301F-11D3-BF4B-00C04F79EFBC}") = "Web", "Platforms\Web\Web.csproj", "{FD74C97F-7636-413D-9919-1910A7ABDA9B}"
EndProject
Project("{FAE04EC0-301F-11D3-BF4B-00C04F79EFBC}") = "Android", "Platforms\Android\Android.csproj", "{838974AA-31F8-466C-940D-C749041D776D}"
EndProject
Project("{2150E333-8FDC-42A3-9474-1A3956D46DE8}") = ".Items", ".Items", "{84BB581D-7441-4AAC-8847-C4B07CD47C36}"
	ProjectSection(SolutionItems) = preProject
		.items\Android.props = .items\Android.props
		.items\IOS.props = .items\IOS.props
		.items\Web.props = .items\Web.props
		.items\Desktop.props = .items\Desktop.props
	EndProjectSection
EndProject
Project("{FAE04EC0-301F-11D3-BF4B-00C04F79EFBC}") = "IOS", "Platforms\IOS\IOS.csproj", "{882684D4-BBAF-4804-A977-C21E8D500D7F}"
EndProject
Project("{2150E333-8FDC-42A3-9474-1A3956D46DE8}") = "Shared", "Shared", "{FC78912A-0449-42CF-A673-F76C9A3AF4D6}"
	ProjectSection(SolutionItems) = preProject
		.items\Shared.props = .items\Shared.props
	EndProjectSection
EndProject
Project("{FAE04EC0-301F-11D3-BF4B-00C04F79EFBC}") = "Desktop", "Platforms\Desktop\Desktop.csproj", "{C2F09B31-7E03-405E-9AFE-515F9E3C0248}"
EndProject
Project("{2150E333-8FDC-42A3-9474-1A3956D46DE8}") = "Desktop", "Desktop", "{59D7E50E-C2C3-4312-AF4C-DFC7B2E719AE}"
EndProject
Project("{2150E333-8FDC-42A3-9474-1A3956D46DE8}") = "Mobile", "Mobile", "{36D85265-59B9-4AF9-9A0A-383C25C86534}"
EndProject
Project("{2150E333-8FDC-42A3-9474-1A3956D46DE8}") = "Web", "Web", "{BE9CD0E7-B378-4684-BC4A-4674AD141B1C}"
EndProject
Global
	GlobalSection(SolutionConfigurationPlatforms) = preSolution
		Debug|Any CPU = Debug|Any CPU
		Release|Any CPU = Release|Any CPU
	EndGlobalSection
	GlobalSection(ProjectConfigurationPlatforms) = postSolution
		{0BCEFE08-C88E-474C-B1E7-32F0457884B0}.Debug|Any CPU.ActiveCfg = Debug|Any CPU
		{0BCEFE08-C88E-474C-B1E7-32F0457884B0}.Debug|Any CPU.Build.0 = Debug|Any CPU
		{0BCEFE08-C88E-474C-B1E7-32F0457884B0}.Release|Any CPU.ActiveCfg = Release|Any CPU
		{0BCEFE08-C88E-474C-B1E7-32F0457884B0}.Release|Any CPU.Build.0 = Release|Any CPU
		{FD74C97F-7636-413D-9919-1910A7ABDA9B}.Debug|Any CPU.ActiveCfg = Debug|Any CPU
		{FD74C97F-7636-413D-9919-1910A7ABDA9B}.Debug|Any CPU.Build.0 = Debug|Any CPU
		{FD74C97F-7636-413D-9919-1910A7ABDA9B}.Release|Any CPU.ActiveCfg = Release|Any CPU
		{FD74C97F-7636-413D-9919-1910A7ABDA9B}.Release|Any CPU.Build.0 = Release|Any CPU
		{838974AA-31F8-466C-940D-C749041D776D}.Debug|Any CPU.ActiveCfg = Debug|Any CPU
		{838974AA-31F8-466C-940D-C749041D776D}.Debug|Any CPU.Build.0 = Debug|Any CPU
		{838974AA-31F8-466C-940D-C749041D776D}.Release|Any CPU.ActiveCfg = Release|Any CPU
		{838974AA-31F8-466C-940D-C749041D776D}.Release|Any CPU.Build.0 = Release|Any CPU
		{882684D4-BBAF-4804-A977-C21E8D500D7F}.Debug|Any CPU.ActiveCfg = Debug|Any CPU
		{882684D4-BBAF-4804-A977-C21E8D500D7F}.Debug|Any CPU.Build.0 = Debug|Any CPU
		{882684D4-BBAF-4804-A977-C21E8D500D7F}.Release|Any CPU.ActiveCfg = Release|Any CPU
		{882684D4-BBAF-4804-A977-C21E8D500D7F}.Release|Any CPU.Build.0 = Release|Any CPU
		{C2F09B31-7E03-405E-9AFE-515F9E3C0248}.Debug|Any CPU.ActiveCfg = Debug|Any CPU
		{C2F09B31-7E03-405E-9AFE-515F9E3C0248}.Debug|Any CPU.Build.0 = Debug|Any CPU
		{C2F09B31-7E03-405E-9AFE-515F9E3C0248}.Release|Any CPU.ActiveCfg = Release|Any CPU
		{C2F09B31-7E03-405E-9AFE-515F9E3C0248}.Release|Any CPU.Build.0 = Release|Any CPU
	EndGlobalSection
	GlobalSection(NestedProjects) = preSolution
		{0BCEFE08-C88E-474C-B1E7-32F0457884B0} = {F09E69BA-3F65-4A4E-98CC-F05560403CC1}
		{FC78912A-0449-42CF-A673-F76C9A3AF4D6} = {84BB581D-7441-4AAC-8847-C4B07CD47C36}
		{59D7E50E-C2C3-4312-AF4C-DFC7B2E719AE} = {574E6364-206B-4DDA-8895-08F9AF815EAE}
		{36D85265-59B9-4AF9-9A0A-383C25C86534} = {574E6364-206B-4DDA-8895-08F9AF815EAE}
		{C2F09B31-7E03-405E-9AFE-515F9E3C0248} = {59D7E50E-C2C3-4312-AF4C-DFC7B2E719AE}
		{838974AA-31F8-466C-940D-C749041D776D} = {36D85265-59B9-4AF9-9A0A-383C25C86534}
		{882684D4-BBAF-4804-A977-C21E8D500D7F} = {36D85265-59B9-4AF9-9A0A-383C25C86534}
		{BE9CD0E7-B378-4684-BC4A-4674AD141B1C} = {574E6364-206B-4DDA-8895-08F9AF815EAE}
		{FD74C97F-7636-413D-9919-1910A7ABDA9B} = {BE9CD0E7-B378-4684-BC4A-4674AD141B1C}
	EndGlobalSection
EndGlobal
