
Microsoft Visual Studio Solution File, Format Version 12.00
Project("{FAE04EC0-301F-11D3-BF4B-00C04F79EFBC}") = "Hybrid", "Hybrid\Hybrid.csproj", "{0BCEFE08-C88E-474C-B1E7-32F0457884B0}"
EndProject
Project("{2150E333-8FDC-42A3-9474-1A3956D46DE8}") = "Hybrid", "Hybrid", "{F09E69BA-3F65-4A4E-98CC-F05560403CC1}"
EndProject
Project("{2150E333-8FDC-42A3-9474-1A3956D46DE8}") = "Platforms", "Platforms", "{574E6364-206B-4DDA-8895-08F9AF815EAE}"
EndProject
Project("{2150E333-8FDC-42A3-9474-1A3956D46DE8}") = "Desktop", "Desktop", "{59D7E50E-C2C3-4312-AF4C-DFC7B2E719AE}"
EndProject
Project("{2150E333-8FDC-42A3-9474-1A3956D46DE8}") = "Mobile", "Mobile", "{36D85265-59B9-4AF9-9A0A-383C25C86534}"
EndProject
Project("{2150E333-8FDC-42A3-9474-1A3956D46DE8}") = "Web", "Web", "{BE9CD0E7-B378-4684-BC4A-4674AD141B1C}"
EndProject
Project("{2150E333-8FDC-42A3-9474-1A3956D46DE8}") = "App", "App", "{0A9075FD-45DF-46CF-9A4A-41403D1F2E2B}"
EndProject
Project("{FAE04EC0-301F-11D3-BF4B-00C04F79EFBC}") = "App", "App\App.csproj", "{C336DE32-43D8-4CE1-8DDA-C75F2AB695EB}"
EndProject
Project("{FAE04EC0-301F-11D3-BF4B-00C04F79EFBC}") = "Windows", "Platforms\Windows\Windows.csproj", "{9FDDE48D-5B00-4AF5-9EA5-A33E99BFA7F1}"
EndProject
Project("{FAE04EC0-301F-11D3-BF4B-00C04F79EFBC}") = "MacOS", "Platforms\MacOS\MacOS.csproj", "{E6A41F89-DDDE-4D71-B835-6968E8D64DF1}"
EndProject
Project("{FAE04EC0-301F-11D3-BF4B-00C04F79EFBC}") = "Linux", "Platforms\Linux\Linux.csproj", "{1077A3C1-93AD-45F4-A9C6-9A42ECF5415D}"
EndProject
Project("{FAE04EC0-301F-11D3-BF4B-00C04F79EFBC}") = "Android", "Platforms\Android\Android.csproj", "{838974AA-31F8-466C-940D-C749041D776D}"
EndProject
Project("{FAE04EC0-301F-11D3-BF4B-00C04F79EFBC}") = "IOS", "Platforms\IOS\IOS.csproj", "{882684D4-BBAF-4804-A977-C21E8D500D7F}"
EndProject
Project("{FAE04EC0-301F-11D3-BF4B-00C04F79EFBC}") = "Web", "Platforms\Web\Web.csproj", "{FD74C97F-7636-413D-9919-1910A7ABDA9B}"
EndProject
Global
	GlobalSection(SolutionConfigurationPlatforms) = preSolution
		Debug|Any CPU = Debug|Any CPU
		Release|Any CPU = Release|Any CPU
	EndGlobalSection
	GlobalSection(ProjectConfigurationPlatforms) = postSolution
		{0BCEFE08-C88E-474C-B1E7-32F0457884B0}.Debug|Any CPU.ActiveCfg = Debug|Any CPU
		{0BCEFE08-C88E-474C-B1E7-32F0457884B0}.Debug|Any CPU.Build.0 = Debug|Any CPU
		{0BCEFE08-C88E-474C-B1E7-32F0457884B0}.Release|Any CPU.ActiveCfg = Release|Any CPU
		{0BCEFE08-C88E-474C-B1E7-32F0457884B0}.Release|Any CPU.Build.0 = Release|Any CPU
		{FD74C97F-7636-413D-9919-1910A7ABDA9B}.Debug|Any CPU.ActiveCfg = Debug|Any CPU
		{FD74C97F-7636-413D-9919-1910A7ABDA9B}.Debug|Any CPU.Build.0 = Debug|Any CPU
		{FD74C97F-7636-413D-9919-1910A7ABDA9B}.Release|Any CPU.ActiveCfg = Release|Any CPU
		{FD74C97F-7636-413D-9919-1910A7ABDA9B}.Release|Any CPU.Build.0 = Release|Any CPU
		{838974AA-31F8-466C-940D-C749041D776D}.Debug|Any CPU.ActiveCfg = Debug|Any CPU
		{838974AA-31F8-466C-940D-C749041D776D}.Debug|Any CPU.Build.0 = Debug|Any CPU
		{838974AA-31F8-466C-940D-C749041D776D}.Release|Any CPU.ActiveCfg = Release|Any CPU
		{838974AA-31F8-466C-940D-C749041D776D}.Release|Any CPU.Build.0 = Release|Any CPU
		{882684D4-BBAF-4804-A977-C21E8D500D7F}.Debug|Any CPU.ActiveCfg = Debug|Any CPU
		{882684D4-BBAF-4804-A977-C21E8D500D7F}.Debug|Any CPU.Build.0 = Debug|Any CPU
		{882684D4-BBAF-4804-A977-C21E8D500D7F}.Release|Any CPU.ActiveCfg = Release|Any CPU
		{882684D4-BBAF-4804-A977-C21E8D500D7F}.Release|Any CPU.Build.0 = Release|Any CPU
		{C336DE32-43D8-4CE1-8DDA-C75F2AB695EB}.Debug|Any CPU.ActiveCfg = Debug|Any CPU
		{C336DE32-43D8-4CE1-8DDA-C75F2AB695EB}.Debug|Any CPU.Build.0 = Debug|Any CPU
		{C336DE32-43D8-4CE1-8DDA-C75F2AB695EB}.Release|Any CPU.ActiveCfg = Release|Any CPU
		{C336DE32-43D8-4CE1-8DDA-C75F2AB695EB}.Release|Any CPU.Build.0 = Release|Any CPU
		{9FDDE48D-5B00-4AF5-9EA5-A33E99BFA7F1}.Debug|Any CPU.ActiveCfg = Debug|Any CPU
		{9FDDE48D-5B00-4AF5-9EA5-A33E99BFA7F1}.Debug|Any CPU.Build.0 = Debug|Any CPU
		{9FDDE48D-5B00-4AF5-9EA5-A33E99BFA7F1}.Release|Any CPU.ActiveCfg = Release|Any CPU
		{9FDDE48D-5B00-4AF5-9EA5-A33E99BFA7F1}.Release|Any CPU.Build.0 = Release|Any CPU
		{E6A41F89-DDDE-4D71-B835-6968E8D64DF1}.Debug|Any CPU.ActiveCfg = Debug|Any CPU
		{E6A41F89-DDDE-4D71-B835-6968E8D64DF1}.Debug|Any CPU.Build.0 = Debug|Any CPU
		{E6A41F89-DDDE-4D71-B835-6968E8D64DF1}.Release|Any CPU.ActiveCfg = Release|Any CPU
		{E6A41F89-DDDE-4D71-B835-6968E8D64DF1}.Release|Any CPU.Build.0 = Release|Any CPU
		{1077A3C1-93AD-45F4-A9C6-9A42ECF5415D}.Debug|Any CPU.ActiveCfg = Debug|Any CPU
		{1077A3C1-93AD-45F4-A9C6-9A42ECF5415D}.Debug|Any CPU.Build.0 = Debug|Any CPU
		{1077A3C1-93AD-45F4-A9C6-9A42ECF5415D}.Release|Any CPU.ActiveCfg = Release|Any CPU
		{1077A3C1-93AD-45F4-A9C6-9A42ECF5415D}.Release|Any CPU.Build.0 = Release|Any CPU
	EndGlobalSection
	GlobalSection(NestedProjects) = preSolution
		{0BCEFE08-C88E-474C-B1E7-32F0457884B0} = {F09E69BA-3F65-4A4E-98CC-F05560403CC1}
		{59D7E50E-C2C3-4312-AF4C-DFC7B2E719AE} = {574E6364-206B-4DDA-8895-08F9AF815EAE}
		{36D85265-59B9-4AF9-9A0A-383C25C86534} = {574E6364-206B-4DDA-8895-08F9AF815EAE}
		{838974AA-31F8-466C-940D-C749041D776D} = {36D85265-59B9-4AF9-9A0A-383C25C86534}
		{882684D4-BBAF-4804-A977-C21E8D500D7F} = {36D85265-59B9-4AF9-9A0A-383C25C86534}
		{BE9CD0E7-B378-4684-BC4A-4674AD141B1C} = {574E6364-206B-4DDA-8895-08F9AF815EAE}
		{FD74C97F-7636-413D-9919-1910A7ABDA9B} = {BE9CD0E7-B378-4684-BC4A-4674AD141B1C}
		{C336DE32-43D8-4CE1-8DDA-C75F2AB695EB} = {0A9075FD-45DF-46CF-9A4A-41403D1F2E2B}
		{9FDDE48D-5B00-4AF5-9EA5-A33E99BFA7F1} = {59D7E50E-C2C3-4312-AF4C-DFC7B2E719AE}
		{E6A41F89-DDDE-4D71-B835-6968E8D64DF1} = {59D7E50E-C2C3-4312-AF4C-DFC7B2E719AE}
		{1077A3C1-93AD-45F4-A9C6-9A42ECF5415D} = {59D7E50E-C2C3-4312-AF4C-DFC7B2E719AE}
	EndGlobalSection
EndGlobal
