
Microsoft Visual Studio Solution File, Format Version 12.00

Project("{2150E333-8FDC-42A3-9474-1A3956D46DE8}") = "Hybrid", "Hybrid", "{F09E69BA-3F65-4A4E-98CC-F05560403CC1}"
EndProject
Project("{2150E333-8FDC-42A3-9474-1A3956D46DE8}") = "App", "App", "{0A9075FD-45DF-46CF-9A4A-41403D1F2E2B}"
EndProject
Project("{2150E333-8FDC-42A3-9474-1A3956D46DE8}") = "Platforms", "Platforms", "{F3411B16-DD42-4F34-B40D-A0DB951B3EC3}"
EndProject
Project("{2150E333-8FDC-42A3-9474-1A3956D46DE8}") = "App", "App", "{75D1C55A-6104-4F56-8DEA-6A388695C8B4}"
EndProject
Project("{2150E333-8FDC-42A3-9474-1A3956D46DE8}") = "Hybrid", "Hybrid", "{8F91C070-0119-442E-BB4C-D96A16D768E3}"
EndProject
Project("{2150E333-8FDC-42A3-9474-1A3956D46DE8}") = "Platforms", "Platforms", "{F3244760-E727-4F65-B91F-B7346A241E77}"
EndProject

Project("{FAE04EC0-301F-11D3-BF4B-00C04F79EFBC}") = "App", "App\App\App.csproj", "{C336DE32-43D8-4CE1-8DDA-C75F2AB695EB}"
	ProjectSection(ProjectDependencies) = postProject
		{0BCEFE08-C88E-474C-B1E7-32F0457884B0} = {0BCEFE08-C88E-474C-B1E7-32F0457884B0}
	EndProjectSection
EndProject
Project("{FAE04EC0-301F-11D3-BF4B-00C04F79EFBC}") = "App.Android", "App\Platforms\App.Android\App.Android.csproj", "{25A3BC79-F5C5-4C79-983D-1DC06E6EF7AC}"
	ProjectSection(ProjectDependencies) = postProject
		{0BCEFE08-C88E-474C-B1E7-32F0457884B0} = {0BCEFE08-C88E-474C-B1E7-32F0457884B0}
	EndProjectSection
EndProject
Project("{FAE04EC0-301F-11D3-BF4B-00C04F79EFBC}") = "App.IOS", "App\Platforms\App.IOS\App.IOS.csproj", "{90AD49D7-0E43-471D-8881-92AAAB07CE8B}"
	ProjectSection(ProjectDependencies) = postProject
		{0BCEFE08-C88E-474C-B1E7-32F0457884B0} = {0BCEFE08-C88E-474C-B1E7-32F0457884B0}
	EndProjectSection
EndProject
Project("{FAE04EC0-301F-11D3-BF4B-00C04F79EFBC}") = "App.Web", "App\Platforms\App.Web\App.Web.csproj", "{34E28BB5-E886-43FA-889B-596CB9120D92}"
	ProjectSection(ProjectDependencies) = postProject
		{0BCEFE08-C88E-474C-B1E7-32F0457884B0} = {0BCEFE08-C88E-474C-B1E7-32F0457884B0}
	EndProjectSection
EndProject

Project("{FAE04EC0-301F-11D3-BF4B-00C04F79EFBC}") = "Hybrid2D", "Hybrid\Hybrid\Hybrid2D.csproj", "{0BCEFE08-C88E-474C-B1E7-32F0457884B0}"
EndProject
Project("{FAE04EC0-301F-11D3-BF4B-00C04F79EFBC}") = "Hybrid2D.Android", "Hybrid\Platforms\Hybrid2D.Android\Hybrid2D.Android.csproj", "{831E9F0B-145A-4784-8B6A-CF575957AA4F}"
EndProject
Project("{FAE04EC0-301F-11D3-BF4B-00C04F79EFBC}") = "Hybrid2D.IOS", "Hybrid\Platforms\Hybrid2D.IOS\Hybrid2D.IOS.csproj", "{5A2C569D-6802-4C76-9194-309CE1C59486}"
EndProject
Project("{FAE04EC0-301F-11D3-BF4B-00C04F79EFBC}") = "Hybrid2D.Web", "Hybrid\Platforms\Hybrid2D.Web\Hybrid2D.Web.csproj", "{DBBACBF8-259B-43F7-8733-F9CACA37D62C}"
EndProject
Project("{FAE04EC0-301F-11D3-BF4B-00C04F79EFBC}") = "Hybrid2D.Windows", "Hybrid\Platforms\Hybrid2D.Windows\Hybrid2D.Windows.csproj", "{A851F6F4-C46A-45BC-8C94-EF65FE1A3CAF}"
EndProject
Project("{FAE04EC0-301F-11D3-BF4B-00C04F79EFBC}") = "Hybrid2D.Linux", "Hybrid\Platforms\Hybrid2D.Linux\Hybrid2D.Linux.csproj", "{2A778684-0A88-4A6D-AF14-FC17C46B3316}"
EndProject
Project("{FAE04EC0-301F-11D3-BF4B-00C04F79EFBC}") = "Hybrid2D.MacOS", "Hybrid\Platforms\Hybrid2D.MacOS\Hybrid2D.MacOS.csproj", "{166FBBFC-3E4A-4820-9365-91F057EBFF95}"
EndProject
Project("{FAE04EC0-301F-11D3-BF4B-00C04F79EFBC}") = "App.Windows", "App\Platforms\App.Windows\App.Windows.csproj", "{CA9181FF-6FDF-42A5-A2C2-93D7238C0D30}"
	ProjectSection(ProjectDependencies) = postProject
		{0BCEFE08-C88E-474C-B1E7-32F0457884B0} = {0BCEFE08-C88E-474C-B1E7-32F0457884B0}
	EndProjectSection
EndProject
Project("{FAE04EC0-301F-11D3-BF4B-00C04F79EFBC}") = "App.Linux", "App\Platforms\App.Linux\App.Linux.csproj", "{7B77F140-C2B9-448F-860D-E9CBA0F22FE1}"
	ProjectSection(ProjectDependencies) = postProject
		{0BCEFE08-C88E-474C-B1E7-32F0457884B0} = {0BCEFE08-C88E-474C-B1E7-32F0457884B0}
	EndProjectSection
EndProject
Project("{FAE04EC0-301F-11D3-BF4B-00C04F79EFBC}") = "App.MacOS", "App\Platforms\App.MacOS\App.MacOS.csproj", "{08C34A69-7ACC-43A0-9C46-E9EB90A82957}"
	ProjectSection(ProjectDependencies) = postProject
		{0BCEFE08-C88E-474C-B1E7-32F0457884B0} = {0BCEFE08-C88E-474C-B1E7-32F0457884B0}
	EndProjectSection
EndProject
Project("{2150E333-8FDC-42A3-9474-1A3956D46DE8}") = "Samples", "Samples", "{69EABDF4-1421-492A-B49A-CFB76E24DCAC}"
EndProject
Project("{FAE04EC0-301F-11D3-BF4B-00C04F79EFBC}") = "S1 Hello World", "Samples\S1 Hello World\S1 Hello World.csproj", "{9A7A0AA2-F2BC-4B8B-BF7E-B2B573249B37}"
EndProject
Project("{FAE04EC0-301F-11D3-BF4B-00C04F79EFBC}") = "S2 Delta Time", "Samples\S2 Delta Time\S2 Delta Time.csproj", "{484174A9-4CE6-4607-8977-AA469DDB0851}"
EndProject
Project("{FAE04EC0-301F-11D3-BF4B-00C04F79EFBC}") = "S3 Shapes", "Samples\S3 Shapes\S3 Shapes.csproj", "{9DCCD89E-FA89-4555-A4F3-BD8712875ED1}"
EndProject
Project("{FAE04EC0-301F-11D3-BF4B-00C04F79EFBC}") = "S4 Textures", "Samples\S4 Textures\S4 Textures.csproj", "{00E9EBB1-E2D7-43FB-A2A1-C5D822C89A44}"
EndProject
Project("{FAE04EC0-301F-11D3-BF4B-00C04F79EFBC}") = "S5 Keyboard", "Samples\S5 Keyboard\S5 Keyboard.csproj", "{E61C42D7-CF04-4D56-9D52-A9CA7E362B36}"
EndProject
Project("{FAE04EC0-301F-11D3-BF4B-00C04F79EFBC}") = "S6 Mouse", "Samples\S6 Mouse\S6 Mouse.csproj", "{FFE53FB7-B20E-4631-9C7C-8A8679F71550}"
EndProject
Project("{FAE04EC0-301F-11D3-BF4B-00C04F79EFBC}") = "S7 Gamepad", "Samples\S7 Gamepad\S7 Gamepad.csproj", "{8034753F-889B-4EF8-A93A-12AC18CA929B}"
EndProject
Project("{FAE04EC0-301F-11D3-BF4B-00C04F79EFBC}") = "S8 Touch", "Samples\S8 Touch\S8 Touch.csproj", "{2FB3A653-B736-4BE7-98C0-39114DBAE3FC}"
EndProject
Project("{FAE04EC0-301F-11D3-BF4B-00C04F79EFBC}") = "S9 Audio", "Samples\S9 Audio\S9 Audio.csproj", "{BF028484-6E7A-4D73-B822-D36FC9A1EA60}"
EndProject
Project("{FAE04EC0-301F-11D3-BF4B-00C04F79EFBC}") = "S10 Geometry", "Samples\S10 Geometry\S10 Geometry.csproj", "{362B646E-5985-465A-AAC3-75420F630925}"
EndProject

Global
	GlobalSection(SolutionConfigurationPlatforms) = preSolution
		Debug|Any CPU = Debug|Any CPU
		Release|Any CPU = Release|Any CPU
	EndGlobalSection
	GlobalSection(ProjectConfigurationPlatforms) = postSolution
		{0BCEFE08-C88E-474C-B1E7-32F0457884B0}.Debug|Any CPU.ActiveCfg = Debug|Any CPU
		{0BCEFE08-C88E-474C-B1E7-32F0457884B0}.Debug|Any CPU.Build.0 = Debug|Any CPU
		{0BCEFE08-C88E-474C-B1E7-32F0457884B0}.Release|Any CPU.ActiveCfg = Release|Any CPU
		{0BCEFE08-C88E-474C-B1E7-32F0457884B0}.Release|Any CPU.Build.0 = Release|Any CPU
		{C336DE32-43D8-4CE1-8DDA-C75F2AB695EB}.Debug|Any CPU.ActiveCfg = Debug|Any CPU
		{C336DE32-43D8-4CE1-8DDA-C75F2AB695EB}.Debug|Any CPU.Build.0 = Debug|Any CPU
		{C336DE32-43D8-4CE1-8DDA-C75F2AB695EB}.Release|Any CPU.ActiveCfg = Release|Any CPU
		{C336DE32-43D8-4CE1-8DDA-C75F2AB695EB}.Release|Any CPU.Build.0 = Release|Any CPU
		{25A3BC79-F5C5-4C79-983D-1DC06E6EF7AC}.Debug|Any CPU.ActiveCfg = Debug|Any CPU
		{25A3BC79-F5C5-4C79-983D-1DC06E6EF7AC}.Debug|Any CPU.Build.0 = Debug|Any CPU
		{25A3BC79-F5C5-4C79-983D-1DC06E6EF7AC}.Release|Any CPU.ActiveCfg = Release|Any CPU
		{25A3BC79-F5C5-4C79-983D-1DC06E6EF7AC}.Release|Any CPU.Build.0 = Release|Any CPU
		{90AD49D7-0E43-471D-8881-92AAAB07CE8B}.Debug|Any CPU.ActiveCfg = Debug|Any CPU
		{90AD49D7-0E43-471D-8881-92AAAB07CE8B}.Debug|Any CPU.Build.0 = Debug|Any CPU
		{90AD49D7-0E43-471D-8881-92AAAB07CE8B}.Release|Any CPU.ActiveCfg = Release|Any CPU
		{90AD49D7-0E43-471D-8881-92AAAB07CE8B}.Release|Any CPU.Build.0 = Release|Any CPU
		{34E28BB5-E886-43FA-889B-596CB9120D92}.Debug|Any CPU.ActiveCfg = Debug|Any CPU
		{34E28BB5-E886-43FA-889B-596CB9120D92}.Debug|Any CPU.Build.0 = Debug|Any CPU
		{34E28BB5-E886-43FA-889B-596CB9120D92}.Release|Any CPU.ActiveCfg = Release|Any CPU
		{34E28BB5-E886-43FA-889B-596CB9120D92}.Release|Any CPU.Build.0 = Release|Any CPU
		{831E9F0B-145A-4784-8B6A-CF575957AA4F}.Debug|Any CPU.ActiveCfg = Debug|Any CPU
		{831E9F0B-145A-4784-8B6A-CF575957AA4F}.Debug|Any CPU.Build.0 = Debug|Any CPU
		{831E9F0B-145A-4784-8B6A-CF575957AA4F}.Release|Any CPU.ActiveCfg = Release|Any CPU
		{831E9F0B-145A-4784-8B6A-CF575957AA4F}.Release|Any CPU.Build.0 = Release|Any CPU
		{5A2C569D-6802-4C76-9194-309CE1C59486}.Debug|Any CPU.ActiveCfg = Debug|Any CPU
		{5A2C569D-6802-4C76-9194-309CE1C59486}.Debug|Any CPU.Build.0 = Debug|Any CPU
		{5A2C569D-6802-4C76-9194-309CE1C59486}.Release|Any CPU.ActiveCfg = Release|Any CPU
		{5A2C569D-6802-4C76-9194-309CE1C59486}.Release|Any CPU.Build.0 = Release|Any CPU
		{DBBACBF8-259B-43F7-8733-F9CACA37D62C}.Debug|Any CPU.ActiveCfg = Debug|Any CPU
		{DBBACBF8-259B-43F7-8733-F9CACA37D62C}.Debug|Any CPU.Build.0 = Debug|Any CPU
		{DBBACBF8-259B-43F7-8733-F9CACA37D62C}.Release|Any CPU.ActiveCfg = Release|Any CPU
		{DBBACBF8-259B-43F7-8733-F9CACA37D62C}.Release|Any CPU.Build.0 = Release|Any CPU
		{A851F6F4-C46A-45BC-8C94-EF65FE1A3CAF}.Debug|Any CPU.ActiveCfg = Debug|Any CPU
		{A851F6F4-C46A-45BC-8C94-EF65FE1A3CAF}.Debug|Any CPU.Build.0 = Debug|Any CPU
		{A851F6F4-C46A-45BC-8C94-EF65FE1A3CAF}.Release|Any CPU.ActiveCfg = Release|Any CPU
		{A851F6F4-C46A-45BC-8C94-EF65FE1A3CAF}.Release|Any CPU.Build.0 = Release|Any CPU
		{2A778684-0A88-4A6D-AF14-FC17C46B3316}.Debug|Any CPU.ActiveCfg = Debug|Any CPU
		{2A778684-0A88-4A6D-AF14-FC17C46B3316}.Debug|Any CPU.Build.0 = Debug|Any CPU
		{2A778684-0A88-4A6D-AF14-FC17C46B3316}.Release|Any CPU.ActiveCfg = Release|Any CPU
		{2A778684-0A88-4A6D-AF14-FC17C46B3316}.Release|Any CPU.Build.0 = Release|Any CPU
		{166FBBFC-3E4A-4820-9365-91F057EBFF95}.Debug|Any CPU.ActiveCfg = Debug|Any CPU
		{166FBBFC-3E4A-4820-9365-91F057EBFF95}.Debug|Any CPU.Build.0 = Debug|Any CPU
		{166FBBFC-3E4A-4820-9365-91F057EBFF95}.Release|Any CPU.ActiveCfg = Release|Any CPU
		{166FBBFC-3E4A-4820-9365-91F057EBFF95}.Release|Any CPU.Build.0 = Release|Any CPU
		{CA9181FF-6FDF-42A5-A2C2-93D7238C0D30}.Debug|Any CPU.ActiveCfg = Debug|Any CPU
		{CA9181FF-6FDF-42A5-A2C2-93D7238C0D30}.Debug|Any CPU.Build.0 = Debug|Any CPU
		{CA9181FF-6FDF-42A5-A2C2-93D7238C0D30}.Release|Any CPU.ActiveCfg = Release|Any CPU
		{CA9181FF-6FDF-42A5-A2C2-93D7238C0D30}.Release|Any CPU.Build.0 = Release|Any CPU
		{7B77F140-C2B9-448F-860D-E9CBA0F22FE1}.Debug|Any CPU.ActiveCfg = Debug|Any CPU
		{7B77F140-C2B9-448F-860D-E9CBA0F22FE1}.Debug|Any CPU.Build.0 = Debug|Any CPU
		{7B77F140-C2B9-448F-860D-E9CBA0F22FE1}.Release|Any CPU.ActiveCfg = Release|Any CPU
		{7B77F140-C2B9-448F-860D-E9CBA0F22FE1}.Release|Any CPU.Build.0 = Release|Any CPU
		{08C34A69-7ACC-43A0-9C46-E9EB90A82957}.Debug|Any CPU.ActiveCfg = Debug|Any CPU
		{08C34A69-7ACC-43A0-9C46-E9EB90A82957}.Debug|Any CPU.Build.0 = Debug|Any CPU
		{08C34A69-7ACC-43A0-9C46-E9EB90A82957}.Release|Any CPU.ActiveCfg = Release|Any CPU
		{08C34A69-7ACC-43A0-9C46-E9EB90A82957}.Release|Any CPU.Build.0 = Release|Any CPU
		{9A7A0AA2-F2BC-4B8B-BF7E-B2B573249B37}.Debug|Any CPU.ActiveCfg = Debug|Any CPU
		{9A7A0AA2-F2BC-4B8B-BF7E-B2B573249B37}.Debug|Any CPU.Build.0 = Debug|Any CPU
		{9A7A0AA2-F2BC-4B8B-BF7E-B2B573249B37}.Release|Any CPU.ActiveCfg = Release|Any CPU
		{9A7A0AA2-F2BC-4B8B-BF7E-B2B573249B37}.Release|Any CPU.Build.0 = Release|Any CPU
		{484174A9-4CE6-4607-8977-AA469DDB0851}.Debug|Any CPU.ActiveCfg = Debug|Any CPU
		{484174A9-4CE6-4607-8977-AA469DDB0851}.Debug|Any CPU.Build.0 = Debug|Any CPU
		{484174A9-4CE6-4607-8977-AA469DDB0851}.Release|Any CPU.ActiveCfg = Release|Any CPU
		{484174A9-4CE6-4607-8977-AA469DDB0851}.Release|Any CPU.Build.0 = Release|Any CPU
		{9DCCD89E-FA89-4555-A4F3-BD8712875ED1}.Debug|Any CPU.ActiveCfg = Debug|Any CPU
		{9DCCD89E-FA89-4555-A4F3-BD8712875ED1}.Debug|Any CPU.Build.0 = Debug|Any CPU
		{9DCCD89E-FA89-4555-A4F3-BD8712875ED1}.Release|Any CPU.ActiveCfg = Release|Any CPU
		{9DCCD89E-FA89-4555-A4F3-BD8712875ED1}.Release|Any CPU.Build.0 = Release|Any CPU
		{00E9EBB1-E2D7-43FB-A2A1-C5D822C89A44}.Debug|Any CPU.ActiveCfg = Debug|Any CPU
		{00E9EBB1-E2D7-43FB-A2A1-C5D822C89A44}.Debug|Any CPU.Build.0 = Debug|Any CPU
		{00E9EBB1-E2D7-43FB-A2A1-C5D822C89A44}.Release|Any CPU.ActiveCfg = Release|Any CPU
		{00E9EBB1-E2D7-43FB-A2A1-C5D822C89A44}.Release|Any CPU.Build.0 = Release|Any CPU
		{E61C42D7-CF04-4D56-9D52-A9CA7E362B36}.Debug|Any CPU.ActiveCfg = Debug|Any CPU
		{E61C42D7-CF04-4D56-9D52-A9CA7E362B36}.Debug|Any CPU.Build.0 = Debug|Any CPU
		{E61C42D7-CF04-4D56-9D52-A9CA7E362B36}.Release|Any CPU.ActiveCfg = Release|Any CPU
		{E61C42D7-CF04-4D56-9D52-A9CA7E362B36}.Release|Any CPU.Build.0 = Release|Any CPU
		{FFE53FB7-B20E-4631-9C7C-8A8679F71550}.Debug|Any CPU.ActiveCfg = Debug|Any CPU
		{FFE53FB7-B20E-4631-9C7C-8A8679F71550}.Debug|Any CPU.Build.0 = Debug|Any CPU
		{FFE53FB7-B20E-4631-9C7C-8A8679F71550}.Release|Any CPU.ActiveCfg = Release|Any CPU
		{FFE53FB7-B20E-4631-9C7C-8A8679F71550}.Release|Any CPU.Build.0 = Release|Any CPU
		{8034753F-889B-4EF8-A93A-12AC18CA929B}.Debug|Any CPU.ActiveCfg = Debug|Any CPU
		{8034753F-889B-4EF8-A93A-12AC18CA929B}.Debug|Any CPU.Build.0 = Debug|Any CPU
		{8034753F-889B-4EF8-A93A-12AC18CA929B}.Release|Any CPU.ActiveCfg = Release|Any CPU
		{8034753F-889B-4EF8-A93A-12AC18CA929B}.Release|Any CPU.Build.0 = Release|Any CPU
		{2FB3A653-B736-4BE7-98C0-39114DBAE3FC}.Debug|Any CPU.ActiveCfg = Debug|Any CPU
		{2FB3A653-B736-4BE7-98C0-39114DBAE3FC}.Debug|Any CPU.Build.0 = Debug|Any CPU
		{2FB3A653-B736-4BE7-98C0-39114DBAE3FC}.Release|Any CPU.ActiveCfg = Release|Any CPU
		{2FB3A653-B736-4BE7-98C0-39114DBAE3FC}.Release|Any CPU.Build.0 = Release|Any CPU
		{BF028484-6E7A-4D73-B822-D36FC9A1EA60}.Debug|Any CPU.ActiveCfg = Debug|Any CPU
		{BF028484-6E7A-4D73-B822-D36FC9A1EA60}.Debug|Any CPU.Build.0 = Debug|Any CPU
		{BF028484-6E7A-4D73-B822-D36FC9A1EA60}.Release|Any CPU.ActiveCfg = Release|Any CPU
		{BF028484-6E7A-4D73-B822-D36FC9A1EA60}.Release|Any CPU.Build.0 = Release|Any CPU
		{362B646E-5985-465A-AAC3-75420F630925}.Debug|Any CPU.ActiveCfg = Debug|Any CPU
		{362B646E-5985-465A-AAC3-75420F630925}.Debug|Any CPU.Build.0 = Debug|Any CPU
		{362B646E-5985-465A-AAC3-75420F630925}.Release|Any CPU.ActiveCfg = Release|Any CPU
		{362B646E-5985-465A-AAC3-75420F630925}.Release|Any CPU.Build.0 = Release|Any CPU
	EndGlobalSection
	GlobalSection(NestedProjects) = preSolution
		{F3411B16-DD42-4F34-B40D-A0DB951B3EC3} = {0A9075FD-45DF-46CF-9A4A-41403D1F2E2B}
		{75D1C55A-6104-4F56-8DEA-6A388695C8B4} = {0A9075FD-45DF-46CF-9A4A-41403D1F2E2B}
		{C336DE32-43D8-4CE1-8DDA-C75F2AB695EB} = {75D1C55A-6104-4F56-8DEA-6A388695C8B4}
		{8F91C070-0119-442E-BB4C-D96A16D768E3} = {F09E69BA-3F65-4A4E-98CC-F05560403CC1}
		{F3244760-E727-4F65-B91F-B7346A241E77} = {F09E69BA-3F65-4A4E-98CC-F05560403CC1}
		{0BCEFE08-C88E-474C-B1E7-32F0457884B0} = {8F91C070-0119-442E-BB4C-D96A16D768E3}
		{831E9F0B-145A-4784-8B6A-CF575957AA4F} = {F3244760-E727-4F65-B91F-B7346A241E77}
		{5A2C569D-6802-4C76-9194-309CE1C59486} = {F3244760-E727-4F65-B91F-B7346A241E77}
		{DBBACBF8-259B-43F7-8733-F9CACA37D62C} = {F3244760-E727-4F65-B91F-B7346A241E77}
		{34E28BB5-E886-43FA-889B-596CB9120D92} = {F3411B16-DD42-4F34-B40D-A0DB951B3EC3}
		{90AD49D7-0E43-471D-8881-92AAAB07CE8B} = {F3411B16-DD42-4F34-B40D-A0DB951B3EC3}
		{25A3BC79-F5C5-4C79-983D-1DC06E6EF7AC} = {F3411B16-DD42-4F34-B40D-A0DB951B3EC3}
		{A851F6F4-C46A-45BC-8C94-EF65FE1A3CAF} = {F3244760-E727-4F65-B91F-B7346A241E77}
		{2A778684-0A88-4A6D-AF14-FC17C46B3316} = {F3244760-E727-4F65-B91F-B7346A241E77}
		{166FBBFC-3E4A-4820-9365-91F057EBFF95} = {F3244760-E727-4F65-B91F-B7346A241E77}
		{CA9181FF-6FDF-42A5-A2C2-93D7238C0D30} = {F3411B16-DD42-4F34-B40D-A0DB951B3EC3}
		{7B77F140-C2B9-448F-860D-E9CBA0F22FE1} = {F3411B16-DD42-4F34-B40D-A0DB951B3EC3}
		{08C34A69-7ACC-43A0-9C46-E9EB90A82957} = {F3411B16-DD42-4F34-B40D-A0DB951B3EC3}
		{9A7A0AA2-F2BC-4B8B-BF7E-B2B573249B37} = {69EABDF4-1421-492A-B49A-CFB76E24DCAC}
		{484174A9-4CE6-4607-8977-AA469DDB0851} = {69EABDF4-1421-492A-B49A-CFB76E24DCAC}
		{9DCCD89E-FA89-4555-A4F3-BD8712875ED1} = {69EABDF4-1421-492A-B49A-CFB76E24DCAC}
		{00E9EBB1-E2D7-43FB-A2A1-C5D822C89A44} = {69EABDF4-1421-492A-B49A-CFB76E24DCAC}
		{E61C42D7-CF04-4D56-9D52-A9CA7E362B36} = {69EABDF4-1421-492A-B49A-CFB76E24DCAC}
		{FFE53FB7-B20E-4631-9C7C-8A8679F71550} = {69EABDF4-1421-492A-B49A-CFB76E24DCAC}
		{8034753F-889B-4EF8-A93A-12AC18CA929B} = {69EABDF4-1421-492A-B49A-CFB76E24DCAC}
		{2FB3A653-B736-4BE7-98C0-39114DBAE3FC} = {69EABDF4-1421-492A-B49A-CFB76E24DCAC}
		{BF028484-6E7A-4D73-B822-D36FC9A1EA60} = {69EABDF4-1421-492A-B49A-CFB76E24DCAC}
		{362B646E-5985-465A-AAC3-75420F630925} = {69EABDF4-1421-492A-B49A-CFB76E24DCAC}
	EndGlobalSection
EndGlobal
